
Microsoft Visual Studio Solution File, Format Version 12.00
# Visual Studio Version 17
VisualStudioVersion = 17.9.34723.18
MinimumVisualStudioVersion = 10.0.40219.1
Project("{8BC9CEB8-8B4A-11D0-8D11-00A0C91BC942}") = "DouglasPeuckerTest", "DouglasPeuckerTest\DouglasPeuckerTest.vcxproj", "{42087861-3E50-4E7A-AB4E-A3685C722BF2}"
EndProject
Project("{2150E333-8FDC-42A3-9474-1A3956D46DE8}") = "解决方案项", "解决方案项", "{EC67144E-0349-4F43-8978-DA32C8E99915}"
EndProject
Global
	GlobalSection(SolutionConfigurationPlatforms) = preSolution
		Debug|x64 = Debug|x64
		Debug|x86 = Debug|x86
		Release|x64 = Release|x64
		Release|x86 = Release|x86
	EndGlobalSection
	GlobalSection(ProjectConfigurationPlatforms) = postSolution
		{42087861-3E50-4E7A-AB4E-A3685C722BF2}.Debug|x64.ActiveCfg = Debug|x64
		{42087861-3E50-4E7A-AB4E-A3685C722BF2}.Debug|x64.Build.0 = Debug|x64
		{42087861-3E50-4E7A-AB4E-A3685C722BF2}.Debug|x86.ActiveCfg = Debug|Win32
		{42087861-3E50-4E7A-AB4E-A3685C722BF2}.Debug|x86.Build.0 = Debug|Win32
		{42087861-3E50-4E7A-AB4E-A3685C722BF2}.Release|x64.ActiveCfg = Release|x64
		{42087861-3E50-4E7A-AB4E-A3685C722BF2}.Release|x64.Build.0 = Release|x64
		{42087861-3E50-4E7A-AB4E-A3685C722BF2}.Release|x86.ActiveCfg = Release|Win32
		{42087861-3E50-4E7A-AB4E-A3685C722BF2}.Release|x86.Build.0 = Release|Win32
	EndGlobalSection
	GlobalSection(SolutionProperties) = preSolution
		HideSolutionNode = FALSE
	EndGlobalSection
	GlobalSection(ExtensibilityGlobals) = postSolution
		SolutionGuid = {B246B3B9-F430-45DA-A291-5CF1D97D089C}
	EndGlobalSection
EndGlobal
